
Microsoft Visual Studio Solution File, Format Version 12.00
# Visual Studio Version 17
VisualStudioVersion = 17.14.36301.6
MinimumVisualStudioVersion = 10.0.40219.1
Project("{2150E333-8FDC-42A3-9474-1A3956D46DE8}") = "Domain", "Domain", "{02EA681E-C7D8-13C7-8484-4AC65E1B71E8}"
EndProject
Project("{2150E333-8FDC-42A3-9474-1A3956D46DE8}") = "Api", "Api", "{2CBC0CCD-2B49-4C82-9480-483EE373E10D}"
EndProject
Project("{2150E333-8FDC-42A3-9474-1A3956D46DE8}") = "Application", "Application", "{E4CFBA8A-6A8C-454E-86DD-4AF85E517AAA}"
EndProject
Project("{2150E333-8FDC-42A3-9474-1A3956D46DE8}") = "Infrastructure", "Infrastructure", "{AC50E125-D745-4040-8959-E96BCB88C211}"
EndProject
Project("{2150E333-8FDC-42A3-9474-1A3956D46DE8}") = "Tests", "Tests", "{48FB8657-7AD8-4D47-8C87-45AFDEB25F3A}"
EndProject
Project("{FAE04EC0-301F-11D3-BF4B-00C04F79EFBC}") = "OMS.Domain", "src\OMS.Domain\OMS.Domain.csproj", "{E8ABBDD2-F476-3629-E6D3-85240FCB8F10}"
EndProject
Project("{FAE04EC0-301F-11D3-BF4B-00C04F79EFBC}") = "OMS.Application", "src\OMS.Application\OMS.Application.csproj", "{EEF885F9-5EF5-DBDC-EC12-826C0E765D5F}"
EndProject
Project("{FAE04EC0-301F-11D3-BF4B-00C04F79EFBC}") = "OMS.Bootstrapper", "src\OMS.Bootstrapper\OMS.Bootstrapper.csproj", "{E5C728A1-E19B-BB8D-48AD-DCB75059C2EE}"
EndProject
Project("{FAE04EC0-301F-11D3-BF4B-00C04F79EFBC}") = "OMS.DeliveryProcessor", "src\OMS.DeliveryProcessor\OMS.DeliveryProcessor.csproj", "{1E794574-E5EA-3800-BE5F-68204E397D69}"
EndProject
Project("{FAE04EC0-301F-11D3-BF4B-00C04F79EFBC}") = "OMS.EmailProvider", "src\OMS.EmailProvider\OMS.EmailProvider.csproj", "{D95CB659-AEA7-0408-E77B-9E4A076121D6}"
EndProject
Project("{FAE04EC0-301F-11D3-BF4B-00C04F79EFBC}") = "OMS.Infrastructure", "src\OMS.Infrastructure\OMS.Infrastructure.csproj", "{0BF0FB5C-DF23-0F24-DC1B-AD26CE059EAB}"
EndProject
Project("{FAE04EC0-301F-11D3-BF4B-00C04F79EFBC}") = "OMS.MapsApi", "src\OMS.MapsApi\OMS.MapsApi.csproj", "{3220C4A9-814E-BD95-051E-3C7BEBD4E6C4}"
EndProject
Project("{FAE04EC0-301F-11D3-BF4B-00C04F79EFBC}") = "OMS.PaymentProcessor", "src\OMS.PaymentProcessor\OMS.PaymentProcessor.csproj", "{FA3D12C4-EE3C-3080-69DC-992BD81FB725}"
EndProject
Project("{FAE04EC0-301F-11D3-BF4B-00C04F79EFBC}") = "OMS.Persistence", "src\OMS.Persistence\OMS.Persistence.csproj", "{CE1DD96B-1377-1222-4637-50F72640FBF5}"
EndProject
Project("{FAE04EC0-301F-11D3-BF4B-00C04F79EFBC}") = "OMS.SmsProvider", "src\OMS.SmsProvider\OMS.SmsProvider.csproj", "{724D3602-A252-DC51-F75B-B7BF6D1A1A3C}"
EndProject
Project("{FAE04EC0-301F-11D3-BF4B-00C04F79EFBC}") = "OMS.IdentityProvider", "src\ORM.IdentityProvider\OMS.IdentityProvider.csproj", "{4B644461-9EE9-D808-D56F-D9B415F4B465}"
EndProject
Project("{FAE04EC0-301F-11D3-BF4B-00C04F79EFBC}") = "OMS.UnitTests", "src\OMS.UnitTests\OMS.UnitTests.csproj", "{BADE302D-47D5-3970-928A-EBDD8321C477}"
EndProject
Project("{FAE04EC0-301F-11D3-BF4B-00C04F79EFBC}") = "OMS.IntegrationTests", "src\OSM.IntegrationTests\OMS.IntegrationTests.csproj", "{E8BE08D2-7F8C-2931-708D-5ACAAB80D688}"
EndProject
Project("{FAE04EC0-301F-11D3-BF4B-00C04F79EFBC}") = "OMS.WebApi", "src\OMS.WebApi\OMS.WebApi.csproj", "{D79FB2F9-1DF6-8640-B431-A56A87FEA333}"
EndProject
Global
	GlobalSection(SolutionConfigurationPlatforms) = preSolution
		Debug|Any CPU = Debug|Any CPU
		Release|Any CPU = Release|Any CPU
	EndGlobalSection
	GlobalSection(ProjectConfigurationPlatforms) = postSolution
		{E8ABBDD2-F476-3629-E6D3-85240FCB8F10}.Debug|Any CPU.ActiveCfg = Debug|Any CPU
		{E8ABBDD2-F476-3629-E6D3-85240FCB8F10}.Debug|Any CPU.Build.0 = Debug|Any CPU
		{E8ABBDD2-F476-3629-E6D3-85240FCB8F10}.Release|Any CPU.ActiveCfg = Release|Any CPU
		{E8ABBDD2-F476-3629-E6D3-85240FCB8F10}.Release|Any CPU.Build.0 = Release|Any CPU
		{EEF885F9-5EF5-DBDC-EC12-826C0E765D5F}.Debug|Any CPU.ActiveCfg = Debug|Any CPU
		{EEF885F9-5EF5-DBDC-EC12-826C0E765D5F}.Debug|Any CPU.Build.0 = Debug|Any CPU
		{EEF885F9-5EF5-DBDC-EC12-826C0E765D5F}.Release|Any CPU.ActiveCfg = Release|Any CPU
		{EEF885F9-5EF5-DBDC-EC12-826C0E765D5F}.Release|Any CPU.Build.0 = Release|Any CPU
		{E5C728A1-E19B-BB8D-48AD-DCB75059C2EE}.Debug|Any CPU.ActiveCfg = Debug|Any CPU
		{E5C728A1-E19B-BB8D-48AD-DCB75059C2EE}.Debug|Any CPU.Build.0 = Debug|Any CPU
		{E5C728A1-E19B-BB8D-48AD-DCB75059C2EE}.Release|Any CPU.ActiveCfg = Release|Any CPU
		{E5C728A1-E19B-BB8D-48AD-DCB75059C2EE}.Release|Any CPU.Build.0 = Release|Any CPU
		{1E794574-E5EA-3800-BE5F-68204E397D69}.Debug|Any CPU.ActiveCfg = Debug|Any CPU
		{1E794574-E5EA-3800-BE5F-68204E397D69}.Debug|Any CPU.Build.0 = Debug|Any CPU
		{1E794574-E5EA-3800-BE5F-68204E397D69}.Release|Any CPU.ActiveCfg = Release|Any CPU
		{1E794574-E5EA-3800-BE5F-68204E397D69}.Release|Any CPU.Build.0 = Release|Any CPU
		{D95CB659-AEA7-0408-E77B-9E4A076121D6}.Debug|Any CPU.ActiveCfg = Debug|Any CPU
		{D95CB659-AEA7-0408-E77B-9E4A076121D6}.Debug|Any CPU.Build.0 = Debug|Any CPU
		{D95CB659-AEA7-0408-E77B-9E4A076121D6}.Release|Any CPU.ActiveCfg = Release|Any CPU
		{D95CB659-AEA7-0408-E77B-9E4A076121D6}.Release|Any CPU.Build.0 = Release|Any CPU
		{0BF0FB5C-DF23-0F24-DC1B-AD26CE059EAB}.Debug|Any CPU.ActiveCfg = Debug|Any CPU
		{0BF0FB5C-DF23-0F24-DC1B-AD26CE059EAB}.Debug|Any CPU.Build.0 = Debug|Any CPU
		{0BF0FB5C-DF23-0F24-DC1B-AD26CE059EAB}.Release|Any CPU.ActiveCfg = Release|Any CPU
		{0BF0FB5C-DF23-0F24-DC1B-AD26CE059EAB}.Release|Any CPU.Build.0 = Release|Any CPU
		{3220C4A9-814E-BD95-051E-3C7BEBD4E6C4}.Debug|Any CPU.ActiveCfg = Debug|Any CPU
		{3220C4A9-814E-BD95-051E-3C7BEBD4E6C4}.Debug|Any CPU.Build.0 = Debug|Any CPU
		{3220C4A9-814E-BD95-051E-3C7BEBD4E6C4}.Release|Any CPU.ActiveCfg = Release|Any CPU
		{3220C4A9-814E-BD95-051E-3C7BEBD4E6C4}.Release|Any CPU.Build.0 = Release|Any CPU
		{FA3D12C4-EE3C-3080-69DC-992BD81FB725}.Debug|Any CPU.ActiveCfg = Debug|Any CPU
		{FA3D12C4-EE3C-3080-69DC-992BD81FB725}.Debug|Any CPU.Build.0 = Debug|Any CPU
		{FA3D12C4-EE3C-3080-69DC-992BD81FB725}.Release|Any CPU.ActiveCfg = Release|Any CPU
		{FA3D12C4-EE3C-3080-69DC-992BD81FB725}.Release|Any CPU.Build.0 = Release|Any CPU
		{CE1DD96B-1377-1222-4637-50F72640FBF5}.Debug|Any CPU.ActiveCfg = Debug|Any CPU
		{CE1DD96B-1377-1222-4637-50F72640FBF5}.Debug|Any CPU.Build.0 = Debug|Any CPU
		{CE1DD96B-1377-1222-4637-50F72640FBF5}.Release|Any CPU.ActiveCfg = Release|Any CPU
		{CE1DD96B-1377-1222-4637-50F72640FBF5}.Release|Any CPU.Build.0 = Release|Any CPU
		{724D3602-A252-DC51-F75B-B7BF6D1A1A3C}.Debug|Any CPU.ActiveCfg = Debug|Any CPU
		{724D3602-A252-DC51-F75B-B7BF6D1A1A3C}.Debug|Any CPU.Build.0 = Debug|Any CPU
		{724D3602-A252-DC51-F75B-B7BF6D1A1A3C}.Release|Any CPU.ActiveCfg = Release|Any CPU
		{724D3602-A252-DC51-F75B-B7BF6D1A1A3C}.Release|Any CPU.Build.0 = Release|Any CPU
		{4B644461-9EE9-D808-D56F-D9B415F4B465}.Debug|Any CPU.ActiveCfg = Debug|Any CPU
		{4B644461-9EE9-D808-D56F-D9B415F4B465}.Debug|Any CPU.Build.0 = Debug|Any CPU
		{4B644461-9EE9-D808-D56F-D9B415F4B465}.Release|Any CPU.ActiveCfg = Release|Any CPU
		{4B644461-9EE9-D808-D56F-D9B415F4B465}.Release|Any CPU.Build.0 = Release|Any CPU
		{BADE302D-47D5-3970-928A-EBDD8321C477}.Debug|Any CPU.ActiveCfg = Debug|Any CPU
		{BADE302D-47D5-3970-928A-EBDD8321C477}.Debug|Any CPU.Build.0 = Debug|Any CPU
		{BADE302D-47D5-3970-928A-EBDD8321C477}.Release|Any CPU.ActiveCfg = Release|Any CPU
		{BADE302D-47D5-3970-928A-EBDD8321C477}.Release|Any CPU.Build.0 = Release|Any CPU
		{E8BE08D2-7F8C-2931-708D-5ACAAB80D688}.Debug|Any CPU.ActiveCfg = Debug|Any CPU
		{E8BE08D2-7F8C-2931-708D-5ACAAB80D688}.Debug|Any CPU.Build.0 = Debug|Any CPU
		{E8BE08D2-7F8C-2931-708D-5ACAAB80D688}.Release|Any CPU.ActiveCfg = Release|Any CPU
		{E8BE08D2-7F8C-2931-708D-5ACAAB80D688}.Release|Any CPU.Build.0 = Release|Any CPU
		{D79FB2F9-1DF6-8640-B431-A56A87FEA333}.Debug|Any CPU.ActiveCfg = Debug|Any CPU
		{D79FB2F9-1DF6-8640-B431-A56A87FEA333}.Debug|Any CPU.Build.0 = Debug|Any CPU
		{D79FB2F9-1DF6-8640-B431-A56A87FEA333}.Release|Any CPU.ActiveCfg = Release|Any CPU
		{D79FB2F9-1DF6-8640-B431-A56A87FEA333}.Release|Any CPU.Build.0 = Release|Any CPU
	EndGlobalSection
	GlobalSection(SolutionProperties) = preSolution
		HideSolutionNode = FALSE
	EndGlobalSection
	GlobalSection(NestedProjects) = preSolution
		{E8ABBDD2-F476-3629-E6D3-85240FCB8F10} = {02EA681E-C7D8-13C7-8484-4AC65E1B71E8}
		{EEF885F9-5EF5-DBDC-EC12-826C0E765D5F} = {E4CFBA8A-6A8C-454E-86DD-4AF85E517AAA}
		{E5C728A1-E19B-BB8D-48AD-DCB75059C2EE} = {AC50E125-D745-4040-8959-E96BCB88C211}
		{1E794574-E5EA-3800-BE5F-68204E397D69} = {AC50E125-D745-4040-8959-E96BCB88C211}
		{D95CB659-AEA7-0408-E77B-9E4A076121D6} = {AC50E125-D745-4040-8959-E96BCB88C211}
		{0BF0FB5C-DF23-0F24-DC1B-AD26CE059EAB} = {AC50E125-D745-4040-8959-E96BCB88C211}
		{3220C4A9-814E-BD95-051E-3C7BEBD4E6C4} = {AC50E125-D745-4040-8959-E96BCB88C211}
		{FA3D12C4-EE3C-3080-69DC-992BD81FB725} = {AC50E125-D745-4040-8959-E96BCB88C211}
		{CE1DD96B-1377-1222-4637-50F72640FBF5} = {AC50E125-D745-4040-8959-E96BCB88C211}
		{724D3602-A252-DC51-F75B-B7BF6D1A1A3C} = {AC50E125-D745-4040-8959-E96BCB88C211}
		{4B644461-9EE9-D808-D56F-D9B415F4B465} = {AC50E125-D745-4040-8959-E96BCB88C211}
		{BADE302D-47D5-3970-928A-EBDD8321C477} = {48FB8657-7AD8-4D47-8C87-45AFDEB25F3A}
		{E8BE08D2-7F8C-2931-708D-5ACAAB80D688} = {48FB8657-7AD8-4D47-8C87-45AFDEB25F3A}
		{D79FB2F9-1DF6-8640-B431-A56A87FEA333} = {2CBC0CCD-2B49-4C82-9480-483EE373E10D}
	EndGlobalSection
	GlobalSection(ExtensibilityGlobals) = postSolution
		SolutionGuid = {D69114E2-DDF1-48DE-84EA-6B71FB554704}
	EndGlobalSection
EndGlobal
